
Microsoft Visual Studio Solution File, Format Version 12.00
# Visual Studio Version 16
VisualStudioVersion = 16.0.30523.141
MinimumVisualStudioVersion = 10.0.40219.1
Project("{FAE04EC0-301F-11D3-BF4B-00C04F79EFBC}") = "Z3", "Z3\Z3.csproj", "{57139F4A-49EF-4C42-BB24-918D78E6A9EE}"
EndProject
Global
	GlobalSection(SolutionConfigurationPlatforms) = preSolution
		Debug|Any CPU = Debug|Any CPU
		Release|Any CPU = Release|Any CPU
	EndGlobalSection
	GlobalSection(ProjectConfigurationPlatforms) = postSolution
		{57139F4A-49EF-4C42-BB24-918D78E6A9EE}.Debug|Any CPU.ActiveCfg = Debug|Any CPU
		{57139F4A-49EF-4C42-BB24-918D78E6A9EE}.Debug|Any CPU.Build.0 = Debug|Any CPU
		{57139F4A-49EF-4C42-BB24-918D78E6A9EE}.Release|Any CPU.ActiveCfg = Release|Any CPU
		{57139F4A-49EF-4C42-BB24-918D78E6A9EE}.Release|Any CPU.Build.0 = Release|Any CPU
	EndGlobalSection
	GlobalSection(SolutionProperties) = preSolution
		HideSolutionNode = FALSE
	EndGlobalSection
	GlobalSection(ExtensibilityGlobals) = postSolution
		SolutionGuid = {8747F4B3-28BA-4CAC-BB8C-3EBE9777472E}
	EndGlobalSection
EndGlobal
